symfony 6a25df0ebf92074bf541fc7ca53d9fcd27981c3d
twig 4a5057997d6d3ffacb2dad1550972a244d459ab8
monolog 303b8a83c87d5c6d749926cf02620465a5dcd0f2
doctrine-common b385ca770888248241bd3086a40d5b3bd082a706
doctrine-dbal e0b69790ab1ffd646fd70a04fdb91e5dfbb3ccf1
doctrine 144d0de0ab61dffc738d7fb590cff8d77919f553
swiftmailer 8c3165691e36302405926abbae7526549db8b899
assetic f829ad23d23c87480151a21faad49fefe7c09e5d
twig-extensions eba4f5d572bec05c72a47bbd73ba0a3330cf8f54
metadata 8717ad2a5689480765d9ffafe925cd8a2457e582
SensioFrameworkExtraBundle 9b9194a47effc66b08d44ae110b982352119ca17
JMSSecurityExtraBundle 66aba9dd3963831b8f31894f51fa70af3299179d
SensioDistributionBundle 2082cb99d408fd89243059c6eff866347ec00bbe
SensioGeneratorBundle 88ecf05691825c81b6a19ca6e2dc1849f1a5dcd4
AsseticBundle 41b5913b5086a0909af92adcb4a6005ee0051b16
doctrine-data-fixtures 9afc4cf293691534f869fc1c74f7198088fc0471
DoctrineFixturesBundle a66be2f077f3a4e5c3801b356b42b8782f1abbd6
doctrine-migrations 440cfb976420314b7789cf367bad63600bdc2c10
DoctrineMigrationsBundle dd9a336c574301b0b6a7e82a0865cab3d4d95503
imagine d3a05f3c12b1b879b99e68d8a27152ae08ff3a29
KnpMenu ef1f54734e490f0e02b43e0158fc4b1dbbccee27
KnpMenuBundle ad44889edc68fce494a84f74156e9a8ba2fedf7c
KnpMarkdownBundle 9a45c697d018c89a582a74440b29a797e531569b
FOSUserBundle 6cdd9c292afa219ef799893061eaae1fc400ae33
SonatajQueryBundle cb7039bd694711e17b4db675434eb4ab8bc65d95
SonataAdminBundle f2f6348d2619c0150a5d784775bce69753742cf5
SonataBluePrintBundle 3afb460b93d5e5933ff95b723d239b9864dc5e84
SonataEasyExtendsBundle 491ad668ba33d8b9c43e5c003dbf3a5ae32c4b8b
SonataMediaBundle 10864627bcbcf9bd3ade5aeadb4f59d38a1b1dd7
SonataPageBundle c1b3837322b78f20693a097b51d40627cdc2d163
SonataIntlBundle 093b69ca1743631d8bf83b16ffcfd625c0ebc28f
SonataNewsBundle fd03df1d507b07355fc00f6960c6d5fe3282affa
SonataUserBundle 68d425b0fee7c69ca6e7202dcd6d2eda17f1302b
SonataFormatterBundle 457106c9fa96822fc78132a93b80fa21bd39cb51
gaufrette b771d9aa8dc7b02714bd3bad80277acbc8708589
buzz bbd80ebd50510217597d4d9a75b57564cb8a7b32
SahiClient fe8a66ef3162fa783fc0ad8d49d5f3b59a4682da
MinkBundle c242438434602dfb44a86548fa61749034d83ffd
Mink d0c2d91e462562f526721508c4f91ed0c47115ca
BehatBundle 628eb52b0f213f00cb8251fa636e899d6ddf1751
Gherkin ebf711c78542c83a98c65d1ab0ce8002afd616e5
Behat fea09171038cd1ce034871427e0de3ed331b5119
Goutte 8915292cade210a955e531e2ea3cba11b07009f2
SonataDoctrineExtensions fa34fb79a9a4746b817caf7dfef7cb748d309f26
SonataCapistrano 69f7c7611df0ff38f28e61fe62aa020315b13727
